
Microsoft Visual Studio Solution File, Format Version 12.00
# Visual Studio 15
VisualStudioVersion = 15.0.27130.2020
MinimumVisualStudioVersion = 10.0.40219.1
Project("{FAE04EC0-301F-11D3-BF4B-00C04F79EFBC}") = "cromo", "cromo\cromo.csproj", "{B66DCCF4-C6BE-40BD-AAF5-478FE52F4EF3}"
EndProject
Project("{9A19103F-16F7-4668-BE54-9A1E7A4F7556}") = "Modelo", "Modelo\Modelo.csproj", "{5D62B17E-7860-4734-8C17-0445E65BB37B}"
EndProject
Project("{9A19103F-16F7-4668-BE54-9A1E7A4F7556}") = "Controlador", "Controlador\Controlador.csproj", "{24B604BA-9DE8-430A-B31C-05E834D0F8E7}"
EndProject
Project("{FAE04EC0-301F-11D3-BF4B-00C04F79EFBC}") = "MiLibreria", "MiLibreria\MiLibreria.csproj", "{007F536B-8894-42D3-AC53-4A2829812D75}"
EndProject
Global
	GlobalSection(SolutionConfigurationPlatforms) = preSolution
		Debug|Any CPU = Debug|Any CPU
		Release|Any CPU = Release|Any CPU
	EndGlobalSection
	GlobalSection(ProjectConfigurationPlatforms) = postSolution
		{B66DCCF4-C6BE-40BD-AAF5-478FE52F4EF3}.Debug|Any CPU.ActiveCfg = Debug|Any CPU
		{B66DCCF4-C6BE-40BD-AAF5-478FE52F4EF3}.Debug|Any CPU.Build.0 = Debug|Any CPU
		{B66DCCF4-C6BE-40BD-AAF5-478FE52F4EF3}.Release|Any CPU.ActiveCfg = Release|Any CPU
		{B66DCCF4-C6BE-40BD-AAF5-478FE52F4EF3}.Release|Any CPU.Build.0 = Release|Any CPU
		{5D62B17E-7860-4734-8C17-0445E65BB37B}.Debug|Any CPU.ActiveCfg = Debug|Any CPU
		{5D62B17E-7860-4734-8C17-0445E65BB37B}.Debug|Any CPU.Build.0 = Debug|Any CPU
		{5D62B17E-7860-4734-8C17-0445E65BB37B}.Release|Any CPU.ActiveCfg = Release|Any CPU
		{5D62B17E-7860-4734-8C17-0445E65BB37B}.Release|Any CPU.Build.0 = Release|Any CPU
		{24B604BA-9DE8-430A-B31C-05E834D0F8E7}.Debug|Any CPU.ActiveCfg = Debug|Any CPU
		{24B604BA-9DE8-430A-B31C-05E834D0F8E7}.Debug|Any CPU.Build.0 = Debug|Any CPU
		{24B604BA-9DE8-430A-B31C-05E834D0F8E7}.Release|Any CPU.ActiveCfg = Release|Any CPU
		{24B604BA-9DE8-430A-B31C-05E834D0F8E7}.Release|Any CPU.Build.0 = Release|Any CPU
		{007F536B-8894-42D3-AC53-4A2829812D75}.Debug|Any CPU.ActiveCfg = Debug|Any CPU
		{007F536B-8894-42D3-AC53-4A2829812D75}.Debug|Any CPU.Build.0 = Debug|Any CPU
		{007F536B-8894-42D3-AC53-4A2829812D75}.Release|Any CPU.ActiveCfg = Release|Any CPU
		{007F536B-8894-42D3-AC53-4A2829812D75}.Release|Any CPU.Build.0 = Release|Any CPU
	EndGlobalSection
	GlobalSection(SolutionProperties) = preSolution
		HideSolutionNode = FALSE
	EndGlobalSection
	GlobalSection(ExtensibilityGlobals) = postSolution
		SolutionGuid = {1F24C447-CAE5-43BA-8C59-AA370608F96A}
	EndGlobalSection
EndGlobal
