
Microsoft Visual Studio Solution File, Format Version 12.00
# Visual Studio 15
VisualStudioVersion = 15.0.27130.2020
MinimumVisualStudioVersion = 10.0.40219.1
Project("{FAE04EC0-301F-11D3-BF4B-00C04F79EFBC}") = "cromo", "cromo\cromo.csproj", "{B66DCCF4-C6BE-40BD-AAF5-478FE52F4EF3}"
EndProject
Project("{54435603-DBB4-11D2-8724-00A0C9A8B90C}") = "instalador", "instalador\instalador.vdproj", "{F9FC2250-16DF-492A-B3C8-1407C774F6B5}"
EndProject
Global
	GlobalSection(SolutionConfigurationPlatforms) = preSolution
		Debug|Any CPU = Debug|Any CPU
		Debug|x86 = Debug|x86
		Release|Any CPU = Release|Any CPU
		Release|x86 = Release|x86
	EndGlobalSection
	GlobalSection(ProjectConfigurationPlatforms) = postSolution
		{B66DCCF4-C6BE-40BD-AAF5-478FE52F4EF3}.Debug|Any CPU.ActiveCfg = Debug|Any CPU
		{B66DCCF4-C6BE-40BD-AAF5-478FE52F4EF3}.Debug|Any CPU.Build.0 = Debug|Any CPU
		{B66DCCF4-C6BE-40BD-AAF5-478FE52F4EF3}.Debug|x86.ActiveCfg = Debug|x86
		{B66DCCF4-C6BE-40BD-AAF5-478FE52F4EF3}.Debug|x86.Build.0 = Debug|x86
		{B66DCCF4-C6BE-40BD-AAF5-478FE52F4EF3}.Release|Any CPU.ActiveCfg = Release|Any CPU
		{B66DCCF4-C6BE-40BD-AAF5-478FE52F4EF3}.Release|Any CPU.Build.0 = Release|Any CPU
		{B66DCCF4-C6BE-40BD-AAF5-478FE52F4EF3}.Release|x86.ActiveCfg = Release|x86
		{B66DCCF4-C6BE-40BD-AAF5-478FE52F4EF3}.Release|x86.Build.0 = Release|x86
		{F9FC2250-16DF-492A-B3C8-1407C774F6B5}.Debug|Any CPU.ActiveCfg = Debug
		{F9FC2250-16DF-492A-B3C8-1407C774F6B5}.Debug|x86.ActiveCfg = Debug
		{F9FC2250-16DF-492A-B3C8-1407C774F6B5}.Release|Any CPU.ActiveCfg = Release
		{F9FC2250-16DF-492A-B3C8-1407C774F6B5}.Release|x86.ActiveCfg = Release
	EndGlobalSection
	GlobalSection(SolutionProperties) = preSolution
		HideSolutionNode = FALSE
	EndGlobalSection
	GlobalSection(ExtensibilityGlobals) = postSolution
		SolutionGuid = {1F24C447-CAE5-43BA-8C59-AA370608F96A}
	EndGlobalSection
EndGlobal
